{
    "_meta": {
        "hash": {
            "sha256": "aa2e2259fdb776cc80eaaad6385dca589fc42c49c6513011b6b417f25ffa62ba"
        },
        "pipfile-spec": 6,
        "requires": {
            "python_full_version": "3.12.0",
            "python_version": "3.12"
        },
        "sources": [
            {
                "name": "pypi",
                "url": "https://pypi.org/simple",
                "verify_ssl": true
            }
        ]
    },
    "default": {
        "jstyleson": {
            "hashes": [
                "sha256:680003f3b15a2959e4e6a351f3b858e3c07dd3e073a0d54954e34d8ea5e1308e"
            ],
            "index": "pypi",
            "version": "==0.0.2"
        }
    },
    "develop": {}
}
